
Microsoft Visual Studio Solution File, Format Version 12.00
# Visual Studio Version 17
VisualStudioVersion = 17.0.32112.339
MinimumVisualStudioVersion = 10.0.40219.1
Project("{9A19103F-16F7-4668-BE54-9A1E7A4F7556}") = "Blob.Abstractions", "blob\Blob.Abstractions\Blob.Abstractions.csproj", "{118497BC-45EA-4938-8534-1828EEBDE9AE}"
EndProject
Project("{9A19103F-16F7-4668-BE54-9A1E7A4F7556}") = "Blob.Csv", "blob\Blob.Csv\Blob.Csv.csproj", "{96577A68-22F0-4097-BE4B-8EE1CE2ED2DF}"
EndProject
Project("{9A19103F-16F7-4668-BE54-9A1E7A4F7556}") = "Blob.Excel", "blob\Blob.Excel\Blob.Excel.csproj", "{706A4CDF-5ECD-424D-92A1-CB1D92C1E928}"
EndProject
Project("{9A19103F-16F7-4668-BE54-9A1E7A4F7556}") = "Blob.Tests", "blob\Blob.Tests\Blob.Tests.csproj", "{E4C1F533-6DF3-4B6E-8103-54CD3743FE56}"
EndProject
Project("{9A19103F-16F7-4668-BE54-9A1E7A4F7556}") = "dotNet.Configuration", "dotnet\dotNet.Configuration\dotNet.Configuration.csproj", "{48018836-1B5D-40FB-80A3-DADE6A6E5839}"
EndProject
Project("{9A19103F-16F7-4668-BE54-9A1E7A4F7556}") = "dotNet.EntityFramework", "dotnet\dotNet.EntityFramework\dotNet.EntityFramework.csproj", "{C40BB6ED-43A2-4A3C-A9EC-BC7C1A975C48}"
EndProject
Project("{9A19103F-16F7-4668-BE54-9A1E7A4F7556}") = "dotNet.Identity", "dotnet\dotNet.Identity\dotNet.Identity.csproj", "{C6A76685-318A-4FA4-AB12-D781AA0F969C}"
EndProject
Project("{9A19103F-16F7-4668-BE54-9A1E7A4F7556}") = "dotNet.IO", "dotnet\dotNet.IO\dotNet.IO.csproj", "{35795F80-5912-400C-94D2-BA1DB7794D6F}"
EndProject
Project("{9A19103F-16F7-4668-BE54-9A1E7A4F7556}") = "dotNet.Net", "dotnet\dotNet.Net\dotNet.Net.csproj", "{F761A00B-CD99-441B-A19F-F4D8FAD8E0C7}"
EndProject
Project("{9A19103F-16F7-4668-BE54-9A1E7A4F7556}") = "dotNet.System", "dotnet\dotNet.System\dotNet.System.csproj", "{E031FA4B-2C64-4824-AA59-2AE1357C0819}"
EndProject
Project("{9A19103F-16F7-4668-BE54-9A1E7A4F7556}") = "dotNet.Tests", "dotnet\dotNet.Tests\dotNet.Tests.csproj", "{45A0BE79-81AD-4C54-B198-2E3E3781C92D}"
EndProject
Project("{9A19103F-16F7-4668-BE54-9A1E7A4F7556}") = "Patterns.Cqrs", "patterns\Patterns.Cqrs\Patterns.Cqrs.csproj", "{DA2F681F-1F62-44B8-A1B7-5D9C47C852AC}"
EndProject
Project("{9A19103F-16F7-4668-BE54-9A1E7A4F7556}") = "Patterns.Ddd", "patterns\Patterns.Ddd\Patterns.Ddd.csproj", "{542ECA5C-79A7-4109-AF60-E0EEB628E583}"
EndProject
Project("{9A19103F-16F7-4668-BE54-9A1E7A4F7556}") = "Patterns.Repository", "patterns\Patterns.Repository\Patterns.Repository.csproj", "{B3E70396-DDA1-4225-8B9A-945C957014D9}"
EndProject
Project("{9A19103F-16F7-4668-BE54-9A1E7A4F7556}") = "Patterns.Tests", "patterns\Patterns.Tests\Patterns.Tests.csproj", "{EDA2556A-777A-43AF-88D8-76457CD30FE0}"
EndProject
Project("{9A19103F-16F7-4668-BE54-9A1E7A4F7556}") = "Persistence.Abstractions", "persistence\Persistence.Abstractions\Persistence.Abstractions.csproj", "{890633E3-81BA-4143-8F64-7BDD91F4C8F3}"
EndProject
Project("{9A19103F-16F7-4668-BE54-9A1E7A4F7556}") = "Persistence.CosmosDb", "persistence\Persistence.CosmosDb\Persistence.CosmosDb.csproj", "{6A411643-8C16-4FA6-927E-5A56150DB863}"
EndProject
Project("{9A19103F-16F7-4668-BE54-9A1E7A4F7556}") = "Persistence.StorageTables", "persistence\Persistence.StorageTables\Persistence.StorageTables.csproj", "{FCBFB088-F364-4CF5-B023-5ACFB4B614B9}"
EndProject
Project("{9A19103F-16F7-4668-BE54-9A1E7A4F7556}") = "Persistence.Tests", "persistence\Persistence.Tests\Persistence.Tests.csproj", "{B0378171-21F6-450E-8381-28CD48965D41}"
EndProject
Project("{9A19103F-16F7-4668-BE54-9A1E7A4F7556}") = "Spatial.Tests", "spatial\Spatial.Tests\Spatial.Tests.csproj", "{D2F54A1E-B325-4340-B9EE-8F531AEFB113}"
EndProject
Project("{9A19103F-16F7-4668-BE54-9A1E7A4F7556}") = "Spatial.Geometry", "spatial\Spatial.Geometry\Spatial.Geometry.csproj", "{11670B8B-8072-45CF-AD24-F4B8BFE1213D}"
EndProject
Project("{9A19103F-16F7-4668-BE54-9A1E7A4F7556}") = "TextAnalytics.CognitiveServices", "text-analytics\TextAnalytics.CognitiveServices\TextAnalytics.CognitiveServices.csproj", "{F20F73D2-CC81-4CD2-8065-4EE84430A017}"
EndProject
Project("{9A19103F-16F7-4668-BE54-9A1E7A4F7556}") = "TextAnalytics.Abstractions", "text-analytics\TextAnalytics.CognitiveServices.Abstractions\TextAnalytics.Abstractions.csproj", "{956531AC-2636-4947-9AC8-FF4476F24675}"
EndProject
Project("{9A19103F-16F7-4668-BE54-9A1E7A4F7556}") = "TextAnalytics.Tests", "text-analytics\TextAnalytics.Tests\TextAnalytics.Tests.csproj", "{390ACEDF-47CF-42AE-8B9C-80331C6A259E}"
EndProject
Project("{9A19103F-16F7-4668-BE54-9A1E7A4F7556}") = "Workflows.Abstractions", "workflows\Workflows.Abstractions\Workflows.Abstractions.csproj", "{04991F02-7313-4E9D-AD9C-E92A64400D0F}"
EndProject
Project("{9A19103F-16F7-4668-BE54-9A1E7A4F7556}") = "Workflows.Tests", "workflows\Workflows.Tests\Workflows.Tests.csproj", "{28663DD6-23A5-4227-87A4-B627AC8F668F}"
EndProject
Project("{2150E333-8FDC-42A3-9474-1A3956D46DE8}") = "Blob", "Blob", "{09A8F225-F7D1-4D39-BE9E-BD3F66A7A7A9}"
EndProject
Project("{2150E333-8FDC-42A3-9474-1A3956D46DE8}") = "dotNet", "dotNet", "{3B3C7F16-69C4-4888-B51F-458CFCA66EF8}"
EndProject
Project("{2150E333-8FDC-42A3-9474-1A3956D46DE8}") = "Patterns", "Patterns", "{1DA9943E-5738-4BF4-9B8E-AA2DAC024897}"
EndProject
Project("{2150E333-8FDC-42A3-9474-1A3956D46DE8}") = "Persistence", "Persistence", "{99DB6249-8627-4FB5-9796-AE6FA404058D}"
EndProject
Project("{2150E333-8FDC-42A3-9474-1A3956D46DE8}") = "Spatial", "Spatial", "{963F64E5-F6E2-4869-8D97-7B042654600B}"
EndProject
Project("{2150E333-8FDC-42A3-9474-1A3956D46DE8}") = "Text-Analytics", "Text-Analytics", "{50330C01-FE95-4B4B-9076-61A42ADA8690}"
EndProject
Project("{2150E333-8FDC-42A3-9474-1A3956D46DE8}") = "Workflows", "Workflows", "{359A80DA-BA26-469F-83FF-9BF83E457641}"
EndProject
Global
	GlobalSection(SolutionConfigurationPlatforms) = preSolution
		Debug|Any CPU = Debug|Any CPU
		Release|Any CPU = Release|Any CPU
	EndGlobalSection
	GlobalSection(ProjectConfigurationPlatforms) = postSolution
		{118497BC-45EA-4938-8534-1828EEBDE9AE}.Debug|Any CPU.ActiveCfg = Debug|Any CPU
		{118497BC-45EA-4938-8534-1828EEBDE9AE}.Debug|Any CPU.Build.0 = Debug|Any CPU
		{118497BC-45EA-4938-8534-1828EEBDE9AE}.Release|Any CPU.ActiveCfg = Release|Any CPU
		{118497BC-45EA-4938-8534-1828EEBDE9AE}.Release|Any CPU.Build.0 = Release|Any CPU
		{96577A68-22F0-4097-BE4B-8EE1CE2ED2DF}.Debug|Any CPU.ActiveCfg = Debug|Any CPU
		{96577A68-22F0-4097-BE4B-8EE1CE2ED2DF}.Debug|Any CPU.Build.0 = Debug|Any CPU
		{96577A68-22F0-4097-BE4B-8EE1CE2ED2DF}.Release|Any CPU.ActiveCfg = Release|Any CPU
		{96577A68-22F0-4097-BE4B-8EE1CE2ED2DF}.Release|Any CPU.Build.0 = Release|Any CPU
		{706A4CDF-5ECD-424D-92A1-CB1D92C1E928}.Debug|Any CPU.ActiveCfg = Debug|Any CPU
		{706A4CDF-5ECD-424D-92A1-CB1D92C1E928}.Debug|Any CPU.Build.0 = Debug|Any CPU
		{706A4CDF-5ECD-424D-92A1-CB1D92C1E928}.Release|Any CPU.ActiveCfg = Release|Any CPU
		{706A4CDF-5ECD-424D-92A1-CB1D92C1E928}.Release|Any CPU.Build.0 = Release|Any CPU
		{E4C1F533-6DF3-4B6E-8103-54CD3743FE56}.Debug|Any CPU.ActiveCfg = Debug|Any CPU
		{E4C1F533-6DF3-4B6E-8103-54CD3743FE56}.Debug|Any CPU.Build.0 = Debug|Any CPU
		{E4C1F533-6DF3-4B6E-8103-54CD3743FE56}.Release|Any CPU.ActiveCfg = Release|Any CPU
		{E4C1F533-6DF3-4B6E-8103-54CD3743FE56}.Release|Any CPU.Build.0 = Release|Any CPU
		{48018836-1B5D-40FB-80A3-DADE6A6E5839}.Debug|Any CPU.ActiveCfg = Debug|Any CPU
		{48018836-1B5D-40FB-80A3-DADE6A6E5839}.Debug|Any CPU.Build.0 = Debug|Any CPU
		{48018836-1B5D-40FB-80A3-DADE6A6E5839}.Release|Any CPU.ActiveCfg = Release|Any CPU
		{48018836-1B5D-40FB-80A3-DADE6A6E5839}.Release|Any CPU.Build.0 = Release|Any CPU
		{C40BB6ED-43A2-4A3C-A9EC-BC7C1A975C48}.Debug|Any CPU.ActiveCfg = Debug|Any CPU
		{C40BB6ED-43A2-4A3C-A9EC-BC7C1A975C48}.Debug|Any CPU.Build.0 = Debug|Any CPU
		{C40BB6ED-43A2-4A3C-A9EC-BC7C1A975C48}.Release|Any CPU.ActiveCfg = Release|Any CPU
		{C40BB6ED-43A2-4A3C-A9EC-BC7C1A975C48}.Release|Any CPU.Build.0 = Release|Any CPU
		{C6A76685-318A-4FA4-AB12-D781AA0F969C}.Debug|Any CPU.ActiveCfg = Debug|Any CPU
		{C6A76685-318A-4FA4-AB12-D781AA0F969C}.Debug|Any CPU.Build.0 = Debug|Any CPU
		{C6A76685-318A-4FA4-AB12-D781AA0F969C}.Release|Any CPU.ActiveCfg = Release|Any CPU
		{C6A76685-318A-4FA4-AB12-D781AA0F969C}.Release|Any CPU.Build.0 = Release|Any CPU
		{35795F80-5912-400C-94D2-BA1DB7794D6F}.Debug|Any CPU.ActiveCfg = Debug|Any CPU
		{35795F80-5912-400C-94D2-BA1DB7794D6F}.Debug|Any CPU.Build.0 = Debug|Any CPU
		{35795F80-5912-400C-94D2-BA1DB7794D6F}.Release|Any CPU.ActiveCfg = Release|Any CPU
		{35795F80-5912-400C-94D2-BA1DB7794D6F}.Release|Any CPU.Build.0 = Release|Any CPU
		{F761A00B-CD99-441B-A19F-F4D8FAD8E0C7}.Debug|Any CPU.ActiveCfg = Debug|Any CPU
		{F761A00B-CD99-441B-A19F-F4D8FAD8E0C7}.Debug|Any CPU.Build.0 = Debug|Any CPU
		{F761A00B-CD99-441B-A19F-F4D8FAD8E0C7}.Release|Any CPU.ActiveCfg = Release|Any CPU
		{F761A00B-CD99-441B-A19F-F4D8FAD8E0C7}.Release|Any CPU.Build.0 = Release|Any CPU
		{E031FA4B-2C64-4824-AA59-2AE1357C0819}.Debug|Any CPU.ActiveCfg = Debug|Any CPU
		{E031FA4B-2C64-4824-AA59-2AE1357C0819}.Debug|Any CPU.Build.0 = Debug|Any CPU
		{E031FA4B-2C64-4824-AA59-2AE1357C0819}.Release|Any CPU.ActiveCfg = Release|Any CPU
		{E031FA4B-2C64-4824-AA59-2AE1357C0819}.Release|Any CPU.Build.0 = Release|Any CPU
		{45A0BE79-81AD-4C54-B198-2E3E3781C92D}.Debug|Any CPU.ActiveCfg = Debug|Any CPU
		{45A0BE79-81AD-4C54-B198-2E3E3781C92D}.Debug|Any CPU.Build.0 = Debug|Any CPU
		{45A0BE79-81AD-4C54-B198-2E3E3781C92D}.Release|Any CPU.ActiveCfg = Release|Any CPU
		{45A0BE79-81AD-4C54-B198-2E3E3781C92D}.Release|Any CPU.Build.0 = Release|Any CPU
		{DA2F681F-1F62-44B8-A1B7-5D9C47C852AC}.Debug|Any CPU.ActiveCfg = Debug|Any CPU
		{DA2F681F-1F62-44B8-A1B7-5D9C47C852AC}.Debug|Any CPU.Build.0 = Debug|Any CPU
		{DA2F681F-1F62-44B8-A1B7-5D9C47C852AC}.Release|Any CPU.ActiveCfg = Release|Any CPU
		{DA2F681F-1F62-44B8-A1B7-5D9C47C852AC}.Release|Any CPU.Build.0 = Release|Any CPU
		{542ECA5C-79A7-4109-AF60-E0EEB628E583}.Debug|Any CPU.ActiveCfg = Debug|Any CPU
		{542ECA5C-79A7-4109-AF60-E0EEB628E583}.Debug|Any CPU.Build.0 = Debug|Any CPU
		{542ECA5C-79A7-4109-AF60-E0EEB628E583}.Release|Any CPU.ActiveCfg = Release|Any CPU
		{542ECA5C-79A7-4109-AF60-E0EEB628E583}.Release|Any CPU.Build.0 = Release|Any CPU
		{B3E70396-DDA1-4225-8B9A-945C957014D9}.Debug|Any CPU.ActiveCfg = Debug|Any CPU
		{B3E70396-DDA1-4225-8B9A-945C957014D9}.Debug|Any CPU.Build.0 = Debug|Any CPU
		{B3E70396-DDA1-4225-8B9A-945C957014D9}.Release|Any CPU.ActiveCfg = Release|Any CPU
		{B3E70396-DDA1-4225-8B9A-945C957014D9}.Release|Any CPU.Build.0 = Release|Any CPU
		{EDA2556A-777A-43AF-88D8-76457CD30FE0}.Debug|Any CPU.ActiveCfg = Debug|Any CPU
		{EDA2556A-777A-43AF-88D8-76457CD30FE0}.Debug|Any CPU.Build.0 = Debug|Any CPU
		{EDA2556A-777A-43AF-88D8-76457CD30FE0}.Release|Any CPU.ActiveCfg = Release|Any CPU
		{EDA2556A-777A-43AF-88D8-76457CD30FE0}.Release|Any CPU.Build.0 = Release|Any CPU
		{890633E3-81BA-4143-8F64-7BDD91F4C8F3}.Debug|Any CPU.ActiveCfg = Debug|Any CPU
		{890633E3-81BA-4143-8F64-7BDD91F4C8F3}.Debug|Any CPU.Build.0 = Debug|Any CPU
		{890633E3-81BA-4143-8F64-7BDD91F4C8F3}.Release|Any CPU.ActiveCfg = Release|Any CPU
		{890633E3-81BA-4143-8F64-7BDD91F4C8F3}.Release|Any CPU.Build.0 = Release|Any CPU
		{6A411643-8C16-4FA6-927E-5A56150DB863}.Debug|Any CPU.ActiveCfg = Debug|Any CPU
		{6A411643-8C16-4FA6-927E-5A56150DB863}.Debug|Any CPU.Build.0 = Debug|Any CPU
		{6A411643-8C16-4FA6-927E-5A56150DB863}.Release|Any CPU.ActiveCfg = Release|Any CPU
		{6A411643-8C16-4FA6-927E-5A56150DB863}.Release|Any CPU.Build.0 = Release|Any CPU
		{FCBFB088-F364-4CF5-B023-5ACFB4B614B9}.Debug|Any CPU.ActiveCfg = Debug|Any CPU
		{FCBFB088-F364-4CF5-B023-5ACFB4B614B9}.Debug|Any CPU.Build.0 = Debug|Any CPU
		{FCBFB088-F364-4CF5-B023-5ACFB4B614B9}.Release|Any CPU.ActiveCfg = Release|Any CPU
		{FCBFB088-F364-4CF5-B023-5ACFB4B614B9}.Release|Any CPU.Build.0 = Release|Any CPU
		{B0378171-21F6-450E-8381-28CD48965D41}.Debug|Any CPU.ActiveCfg = Debug|Any CPU
		{B0378171-21F6-450E-8381-28CD48965D41}.Debug|Any CPU.Build.0 = Debug|Any CPU
		{B0378171-21F6-450E-8381-28CD48965D41}.Release|Any CPU.ActiveCfg = Release|Any CPU
		{B0378171-21F6-450E-8381-28CD48965D41}.Release|Any CPU.Build.0 = Release|Any CPU
		{D2F54A1E-B325-4340-B9EE-8F531AEFB113}.Debug|Any CPU.ActiveCfg = Debug|Any CPU
		{D2F54A1E-B325-4340-B9EE-8F531AEFB113}.Debug|Any CPU.Build.0 = Debug|Any CPU
		{D2F54A1E-B325-4340-B9EE-8F531AEFB113}.Release|Any CPU.ActiveCfg = Release|Any CPU
		{D2F54A1E-B325-4340-B9EE-8F531AEFB113}.Release|Any CPU.Build.0 = Release|Any CPU
		{11670B8B-8072-45CF-AD24-F4B8BFE1213D}.Debug|Any CPU.ActiveCfg = Debug|Any CPU
		{11670B8B-8072-45CF-AD24-F4B8BFE1213D}.Debug|Any CPU.Build.0 = Debug|Any CPU
		{11670B8B-8072-45CF-AD24-F4B8BFE1213D}.Release|Any CPU.ActiveCfg = Release|Any CPU
		{11670B8B-8072-45CF-AD24-F4B8BFE1213D}.Release|Any CPU.Build.0 = Release|Any CPU
		{F20F73D2-CC81-4CD2-8065-4EE84430A017}.Debug|Any CPU.ActiveCfg = Debug|Any CPU
		{F20F73D2-CC81-4CD2-8065-4EE84430A017}.Debug|Any CPU.Build.0 = Debug|Any CPU
		{F20F73D2-CC81-4CD2-8065-4EE84430A017}.Release|Any CPU.ActiveCfg = Release|Any CPU
		{F20F73D2-CC81-4CD2-8065-4EE84430A017}.Release|Any CPU.Build.0 = Release|Any CPU
		{956531AC-2636-4947-9AC8-FF4476F24675}.Debug|Any CPU.ActiveCfg = Debug|Any CPU
		{956531AC-2636-4947-9AC8-FF4476F24675}.Debug|Any CPU.Build.0 = Debug|Any CPU
		{956531AC-2636-4947-9AC8-FF4476F24675}.Release|Any CPU.ActiveCfg = Release|Any CPU
		{956531AC-2636-4947-9AC8-FF4476F24675}.Release|Any CPU.Build.0 = Release|Any CPU
		{390ACEDF-47CF-42AE-8B9C-80331C6A259E}.Debug|Any CPU.ActiveCfg = Debug|Any CPU
		{390ACEDF-47CF-42AE-8B9C-80331C6A259E}.Debug|Any CPU.Build.0 = Debug|Any CPU
		{390ACEDF-47CF-42AE-8B9C-80331C6A259E}.Release|Any CPU.ActiveCfg = Release|Any CPU
		{390ACEDF-47CF-42AE-8B9C-80331C6A259E}.Release|Any CPU.Build.0 = Release|Any CPU
		{04991F02-7313-4E9D-AD9C-E92A64400D0F}.Debug|Any CPU.ActiveCfg = Debug|Any CPU
		{04991F02-7313-4E9D-AD9C-E92A64400D0F}.Debug|Any CPU.Build.0 = Debug|Any CPU
		{04991F02-7313-4E9D-AD9C-E92A64400D0F}.Release|Any CPU.ActiveCfg = Release|Any CPU
		{04991F02-7313-4E9D-AD9C-E92A64400D0F}.Release|Any CPU.Build.0 = Release|Any CPU
		{28663DD6-23A5-4227-87A4-B627AC8F668F}.Debug|Any CPU.ActiveCfg = Debug|Any CPU
		{28663DD6-23A5-4227-87A4-B627AC8F668F}.Debug|Any CPU.Build.0 = Debug|Any CPU
		{28663DD6-23A5-4227-87A4-B627AC8F668F}.Release|Any CPU.ActiveCfg = Release|Any CPU
		{28663DD6-23A5-4227-87A4-B627AC8F668F}.Release|Any CPU.Build.0 = Release|Any CPU
	EndGlobalSection
	GlobalSection(SolutionProperties) = preSolution
		HideSolutionNode = FALSE
	EndGlobalSection
	GlobalSection(NestedProjects) = preSolution
		{118497BC-45EA-4938-8534-1828EEBDE9AE} = {09A8F225-F7D1-4D39-BE9E-BD3F66A7A7A9}
		{96577A68-22F0-4097-BE4B-8EE1CE2ED2DF} = {09A8F225-F7D1-4D39-BE9E-BD3F66A7A7A9}
		{706A4CDF-5ECD-424D-92A1-CB1D92C1E928} = {09A8F225-F7D1-4D39-BE9E-BD3F66A7A7A9}
		{E4C1F533-6DF3-4B6E-8103-54CD3743FE56} = {09A8F225-F7D1-4D39-BE9E-BD3F66A7A7A9}
		{48018836-1B5D-40FB-80A3-DADE6A6E5839} = {3B3C7F16-69C4-4888-B51F-458CFCA66EF8}
		{C40BB6ED-43A2-4A3C-A9EC-BC7C1A975C48} = {3B3C7F16-69C4-4888-B51F-458CFCA66EF8}
		{C6A76685-318A-4FA4-AB12-D781AA0F969C} = {3B3C7F16-69C4-4888-B51F-458CFCA66EF8}
		{35795F80-5912-400C-94D2-BA1DB7794D6F} = {3B3C7F16-69C4-4888-B51F-458CFCA66EF8}
		{F761A00B-CD99-441B-A19F-F4D8FAD8E0C7} = {3B3C7F16-69C4-4888-B51F-458CFCA66EF8}
		{E031FA4B-2C64-4824-AA59-2AE1357C0819} = {3B3C7F16-69C4-4888-B51F-458CFCA66EF8}
		{45A0BE79-81AD-4C54-B198-2E3E3781C92D} = {3B3C7F16-69C4-4888-B51F-458CFCA66EF8}
		{DA2F681F-1F62-44B8-A1B7-5D9C47C852AC} = {1DA9943E-5738-4BF4-9B8E-AA2DAC024897}
		{542ECA5C-79A7-4109-AF60-E0EEB628E583} = {1DA9943E-5738-4BF4-9B8E-AA2DAC024897}
		{B3E70396-DDA1-4225-8B9A-945C957014D9} = {1DA9943E-5738-4BF4-9B8E-AA2DAC024897}
		{EDA2556A-777A-43AF-88D8-76457CD30FE0} = {1DA9943E-5738-4BF4-9B8E-AA2DAC024897}
		{890633E3-81BA-4143-8F64-7BDD91F4C8F3} = {99DB6249-8627-4FB5-9796-AE6FA404058D}
		{6A411643-8C16-4FA6-927E-5A56150DB863} = {99DB6249-8627-4FB5-9796-AE6FA404058D}
		{FCBFB088-F364-4CF5-B023-5ACFB4B614B9} = {99DB6249-8627-4FB5-9796-AE6FA404058D}
		{B0378171-21F6-450E-8381-28CD48965D41} = {99DB6249-8627-4FB5-9796-AE6FA404058D}
		{D2F54A1E-B325-4340-B9EE-8F531AEFB113} = {963F64E5-F6E2-4869-8D97-7B042654600B}
		{11670B8B-8072-45CF-AD24-F4B8BFE1213D} = {963F64E5-F6E2-4869-8D97-7B042654600B}
		{F20F73D2-CC81-4CD2-8065-4EE84430A017} = {50330C01-FE95-4B4B-9076-61A42ADA8690}
		{956531AC-2636-4947-9AC8-FF4476F24675} = {50330C01-FE95-4B4B-9076-61A42ADA8690}
		{390ACEDF-47CF-42AE-8B9C-80331C6A259E} = {50330C01-FE95-4B4B-9076-61A42ADA8690}
		{04991F02-7313-4E9D-AD9C-E92A64400D0F} = {359A80DA-BA26-469F-83FF-9BF83E457641}
		{28663DD6-23A5-4227-87A4-B627AC8F668F} = {359A80DA-BA26-469F-83FF-9BF83E457641}
	EndGlobalSection
	GlobalSection(ExtensibilityGlobals) = postSolution
		SolutionGuid = {C94628F8-11BB-4DDD-A1D9-C28D32F34699}
	EndGlobalSection
EndGlobal
