
Microsoft Visual Studio Solution File, Format Version 12.00
# Visual Studio Version 17
VisualStudioVersion = 17.3.32922.545
MinimumVisualStudioVersion = 10.0.40219.1
Project("{9A19103F-16F7-4668-BE54-9A1E7A4F7556}") = "resource-server-api", "resource-server-api\resource-server-api.csproj", "{B2F7F31F-68FC-4CCC-8B81-387C14E64A60}"
EndProject
Project("{9A19103F-16F7-4668-BE54-9A1E7A4F7556}") = "resource-server-client", "resource-server-client\resource-server-client.csproj", "{3DBEEE03-55D7-4CA4-87EF-E6C9DFB33D54}"
EndProject
Project("{9A19103F-16F7-4668-BE54-9A1E7A4F7556}") = "resource-server-api-minimal", "resource-server-api-minimal\resource-server-api-minimal.csproj", "{CD2FD11D-E9A4-41D9-8855-E45B155DEBE6}"
EndProject
Global
	GlobalSection(SolutionConfigurationPlatforms) = preSolution
		Debug|Any CPU = Debug|Any CPU
		Release|Any CPU = Release|Any CPU
	EndGlobalSection
	GlobalSection(ProjectConfigurationPlatforms) = postSolution
		{B2F7F31F-68FC-4CCC-8B81-387C14E64A60}.Debug|Any CPU.ActiveCfg = Debug|Any CPU
		{B2F7F31F-68FC-4CCC-8B81-387C14E64A60}.Debug|Any CPU.Build.0 = Debug|Any CPU
		{B2F7F31F-68FC-4CCC-8B81-387C14E64A60}.Release|Any CPU.ActiveCfg = Release|Any CPU
		{B2F7F31F-68FC-4CCC-8B81-387C14E64A60}.Release|Any CPU.Build.0 = Release|Any CPU
		{3DBEEE03-55D7-4CA4-87EF-E6C9DFB33D54}.Debug|Any CPU.ActiveCfg = Debug|Any CPU
		{3DBEEE03-55D7-4CA4-87EF-E6C9DFB33D54}.Debug|Any CPU.Build.0 = Debug|Any CPU
		{3DBEEE03-55D7-4CA4-87EF-E6C9DFB33D54}.Release|Any CPU.ActiveCfg = Release|Any CPU
		{3DBEEE03-55D7-4CA4-87EF-E6C9DFB33D54}.Release|Any CPU.Build.0 = Release|Any CPU
		{CD2FD11D-E9A4-41D9-8855-E45B155DEBE6}.Debug|Any CPU.ActiveCfg = Debug|Any CPU
		{CD2FD11D-E9A4-41D9-8855-E45B155DEBE6}.Debug|Any CPU.Build.0 = Debug|Any CPU
		{CD2FD11D-E9A4-41D9-8855-E45B155DEBE6}.Release|Any CPU.ActiveCfg = Release|Any CPU
		{CD2FD11D-E9A4-41D9-8855-E45B155DEBE6}.Release|Any CPU.Build.0 = Release|Any CPU
	EndGlobalSection
	GlobalSection(SolutionProperties) = preSolution
		HideSolutionNode = FALSE
	EndGlobalSection
	GlobalSection(ExtensibilityGlobals) = postSolution
		SolutionGuid = {5A9A2601-8CEB-4475-9E95-43A5438B71CD}
	EndGlobalSection
EndGlobal
