
Microsoft Visual Studio Solution File, Format Version 12.00
# Visual Studio Version 17
VisualStudioVersion = 17.7.34009.444
MinimumVisualStudioVersion = 10.0.40219.1
Project("{00D1A9C2-B5F0-4AF3-8072-F6C62B433612}") = "t-sql-ddl-ssdt", "t-sql-ddl-ssdt\t-sql-ddl-ssdt.sqlproj", "{92B66448-3585-4B70-B6A7-742A011DD4C2}"
EndProject
Global
	GlobalSection(SolutionConfigurationPlatforms) = preSolution
		Debug|Any CPU = Debug|Any CPU
		Release|Any CPU = Release|Any CPU
	EndGlobalSection
	GlobalSection(ProjectConfigurationPlatforms) = postSolution
		{92B66448-3585-4B70-B6A7-742A011DD4C2}.Debug|Any CPU.ActiveCfg = Debug|Any CPU
		{92B66448-3585-4B70-B6A7-742A011DD4C2}.Debug|Any CPU.Build.0 = Debug|Any CPU
		{92B66448-3585-4B70-B6A7-742A011DD4C2}.Debug|Any CPU.Deploy.0 = Debug|Any CPU
		{92B66448-3585-4B70-B6A7-742A011DD4C2}.Release|Any CPU.ActiveCfg = Release|Any CPU
		{92B66448-3585-4B70-B6A7-742A011DD4C2}.Release|Any CPU.Build.0 = Release|Any CPU
		{92B66448-3585-4B70-B6A7-742A011DD4C2}.Release|Any CPU.Deploy.0 = Release|Any CPU
	EndGlobalSection
	GlobalSection(SolutionProperties) = preSolution
		HideSolutionNode = FALSE
	EndGlobalSection
	GlobalSection(ExtensibilityGlobals) = postSolution
		SolutionGuid = {B38C013F-7E85-4F70-83F1-DC8801034D1D}
	EndGlobalSection
EndGlobal
