
Microsoft Visual Studio Solution File, Format Version 12.00
# Visual Studio Version 16
VisualStudioVersion = 16.0.31129.286
MinimumVisualStudioVersion = 10.0.40219.1
Project("{FAE04EC0-301F-11D3-BF4B-00C04F79EFBC}") = "b2c-registration-captcha-function", "b2c-registration-captcha-function.csproj", "{2C4BF7B8-773D-4A67-B6E9-B9BA010E7FF2}"
EndProject
Global
	GlobalSection(SolutionConfigurationPlatforms) = preSolution
		Debug|Any CPU = Debug|Any CPU
		Release|Any CPU = Release|Any CPU
	EndGlobalSection
	GlobalSection(ProjectConfigurationPlatforms) = postSolution
		{2C4BF7B8-773D-4A67-B6E9-B9BA010E7FF2}.Debug|Any CPU.ActiveCfg = Debug|Any CPU
		{2C4BF7B8-773D-4A67-B6E9-B9BA010E7FF2}.Debug|Any CPU.Build.0 = Debug|Any CPU
		{2C4BF7B8-773D-4A67-B6E9-B9BA010E7FF2}.Release|Any CPU.ActiveCfg = Release|Any CPU
		{2C4BF7B8-773D-4A67-B6E9-B9BA010E7FF2}.Release|Any CPU.Build.0 = Release|Any CPU
	EndGlobalSection
	GlobalSection(SolutionProperties) = preSolution
		HideSolutionNode = FALSE
	EndGlobalSection
	GlobalSection(ExtensibilityGlobals) = postSolution
		SolutionGuid = {A49132A6-55F2-4189-AFF8-CDAF168C0DA9}
	EndGlobalSection
EndGlobal
