
Microsoft Visual Studio Solution File, Format Version 12.00
# Visual Studio Version 17
VisualStudioVersion = 17.5.33516.290
MinimumVisualStudioVersion = 10.0.40219.1
Project("{2150E333-8FDC-42A3-9474-1A3956D46DE8}") = "tests", "tests", "{3F7BFF8B-9655-457C-9122-5F08D2471A98}"
EndProject
Project("{2150E333-8FDC-42A3-9474-1A3956D46DE8}") = "src", "src", "{DBC9B821-69BD-4F57-92C5-B2E2FA9D1B96}"
EndProject
Project("{9A19103F-16F7-4668-BE54-9A1E7A4F7556}") = "Domain", "Core\Domain\Domain.csproj", "{008A186A-3688-4860-B52F-BF42F38090FE}"
EndProject
Project("{9A19103F-16F7-4668-BE54-9A1E7A4F7556}") = "Application", "Core\Application\Application.csproj", "{900FAF69-EDDA-4F1D-BED1-8CD98E453BBE}"
EndProject
Project("{9A19103F-16F7-4668-BE54-9A1E7A4F7556}") = "Presentation.WebApi", "Presentation\WebApi\Presentation.WebApi.csproj", "{9DE6F333-17B7-425D-B05F-E720346B6AF4}"
EndProject
Project("{9A19103F-16F7-4668-BE54-9A1E7A4F7556}") = "Infrastucture.SqlServer", "Infrastructure\SqlServer\Infrastucture.SqlServer.csproj", "{615694FE-4180-4F1F-9ED7-984BA2DFCEA7}"
EndProject
Project("{9A19103F-16F7-4668-BE54-9A1E7A4F7556}") = "HttpClient.ClientCredentialFlow", "Common\HttpClient.ClientCredentialFlow\HttpClient.ClientCredentialFlow.csproj", "{DC86C7F8-02DF-4950-9063-93FD20124698}"
EndProject
Project("{9A19103F-16F7-4668-BE54-9A1E7A4F7556}") = "Application.Specs.Integration.SqlServer", "..\tests\Application.Specs.Integration.SqlServer\Application.Specs.Integration.SqlServer.csproj", "{ED7BF1EC-6227-418E-81A0-9F3A19197171}"
EndProject
Project("{9A19103F-16F7-4668-BE54-9A1E7A4F7556}") = "SemanticKernel.Services", "Common\SemanticKernel.Services\SemanticKernel.Services\SemanticKernel.Services.csproj", "{73E40A37-08EB-42B1-9E2B-340790DAE7E8}"
EndProject
Project("{2150E333-8FDC-42A3-9474-1A3956D46DE8}") = "Common", "Common", "{CB9291D2-F921-421A-AEAD-86B7E57737FF}"
EndProject
Global
	GlobalSection(SolutionConfigurationPlatforms) = preSolution
		Debug|Any CPU = Debug|Any CPU
		Release|Any CPU = Release|Any CPU
	EndGlobalSection
	GlobalSection(ProjectConfigurationPlatforms) = postSolution
		{008A186A-3688-4860-B52F-BF42F38090FE}.Debug|Any CPU.ActiveCfg = Debug|Any CPU
		{008A186A-3688-4860-B52F-BF42F38090FE}.Debug|Any CPU.Build.0 = Debug|Any CPU
		{008A186A-3688-4860-B52F-BF42F38090FE}.Release|Any CPU.ActiveCfg = Release|Any CPU
		{008A186A-3688-4860-B52F-BF42F38090FE}.Release|Any CPU.Build.0 = Release|Any CPU
		{900FAF69-EDDA-4F1D-BED1-8CD98E453BBE}.Debug|Any CPU.ActiveCfg = Debug|Any CPU
		{900FAF69-EDDA-4F1D-BED1-8CD98E453BBE}.Debug|Any CPU.Build.0 = Debug|Any CPU
		{900FAF69-EDDA-4F1D-BED1-8CD98E453BBE}.Release|Any CPU.ActiveCfg = Release|Any CPU
		{900FAF69-EDDA-4F1D-BED1-8CD98E453BBE}.Release|Any CPU.Build.0 = Release|Any CPU
		{9DE6F333-17B7-425D-B05F-E720346B6AF4}.Debug|Any CPU.ActiveCfg = Debug|Any CPU
		{9DE6F333-17B7-425D-B05F-E720346B6AF4}.Debug|Any CPU.Build.0 = Debug|Any CPU
		{9DE6F333-17B7-425D-B05F-E720346B6AF4}.Release|Any CPU.ActiveCfg = Release|Any CPU
		{9DE6F333-17B7-425D-B05F-E720346B6AF4}.Release|Any CPU.Build.0 = Release|Any CPU
		{615694FE-4180-4F1F-9ED7-984BA2DFCEA7}.Debug|Any CPU.ActiveCfg = Debug|Any CPU
		{615694FE-4180-4F1F-9ED7-984BA2DFCEA7}.Debug|Any CPU.Build.0 = Debug|Any CPU
		{615694FE-4180-4F1F-9ED7-984BA2DFCEA7}.Release|Any CPU.ActiveCfg = Release|Any CPU
		{615694FE-4180-4F1F-9ED7-984BA2DFCEA7}.Release|Any CPU.Build.0 = Release|Any CPU
		{DC86C7F8-02DF-4950-9063-93FD20124698}.Debug|Any CPU.ActiveCfg = Debug|Any CPU
		{DC86C7F8-02DF-4950-9063-93FD20124698}.Debug|Any CPU.Build.0 = Debug|Any CPU
		{DC86C7F8-02DF-4950-9063-93FD20124698}.Release|Any CPU.ActiveCfg = Release|Any CPU
		{DC86C7F8-02DF-4950-9063-93FD20124698}.Release|Any CPU.Build.0 = Release|Any CPU
		{ED7BF1EC-6227-418E-81A0-9F3A19197171}.Debug|Any CPU.ActiveCfg = Debug|Any CPU
		{ED7BF1EC-6227-418E-81A0-9F3A19197171}.Debug|Any CPU.Build.0 = Debug|Any CPU
		{ED7BF1EC-6227-418E-81A0-9F3A19197171}.Release|Any CPU.ActiveCfg = Release|Any CPU
		{ED7BF1EC-6227-418E-81A0-9F3A19197171}.Release|Any CPU.Build.0 = Release|Any CPU
		{73E40A37-08EB-42B1-9E2B-340790DAE7E8}.Debug|Any CPU.ActiveCfg = Debug|Any CPU
		{73E40A37-08EB-42B1-9E2B-340790DAE7E8}.Debug|Any CPU.Build.0 = Debug|Any CPU
		{73E40A37-08EB-42B1-9E2B-340790DAE7E8}.Release|Any CPU.ActiveCfg = Release|Any CPU
		{73E40A37-08EB-42B1-9E2B-340790DAE7E8}.Release|Any CPU.Build.0 = Release|Any CPU
	EndGlobalSection
	GlobalSection(SolutionProperties) = preSolution
		HideSolutionNode = FALSE
	EndGlobalSection
	GlobalSection(NestedProjects) = preSolution
		{008A186A-3688-4860-B52F-BF42F38090FE} = {DBC9B821-69BD-4F57-92C5-B2E2FA9D1B96}
		{900FAF69-EDDA-4F1D-BED1-8CD98E453BBE} = {DBC9B821-69BD-4F57-92C5-B2E2FA9D1B96}
		{9DE6F333-17B7-425D-B05F-E720346B6AF4} = {DBC9B821-69BD-4F57-92C5-B2E2FA9D1B96}
		{615694FE-4180-4F1F-9ED7-984BA2DFCEA7} = {DBC9B821-69BD-4F57-92C5-B2E2FA9D1B96}
		{DC86C7F8-02DF-4950-9063-93FD20124698} = {CB9291D2-F921-421A-AEAD-86B7E57737FF}
		{ED7BF1EC-6227-418E-81A0-9F3A19197171} = {3F7BFF8B-9655-457C-9122-5F08D2471A98}
		{73E40A37-08EB-42B1-9E2B-340790DAE7E8} = {CB9291D2-F921-421A-AEAD-86B7E57737FF}
		{CB9291D2-F921-421A-AEAD-86B7E57737FF} = {DBC9B821-69BD-4F57-92C5-B2E2FA9D1B96}
	EndGlobalSection
	GlobalSection(ExtensibilityGlobals) = postSolution
		SolutionGuid = {394AC88B-6897-416E-B92F-1D370A044F06}
	EndGlobalSection
EndGlobal
