
Microsoft Visual Studio Solution File, Format Version 12.00
# Visual Studio Version 17
VisualStudioVersion = 17.0.32112.339
MinimumVisualStudioVersion = 10.0.40219.1
Project("{9A19103F-16F7-4668-BE54-9A1E7A4F7556}") = "Microservice.Core", "Microservice.Core\Microservice.Core.csproj", "{EF157579-8FEE-49C8-833C-B3A088DB48D5}"
EndProject
Project("{9A19103F-16F7-4668-BE54-9A1E7A4F7556}") = "Microservice.Application", "Microservice.Application\Microservice.Application.csproj", "{0B7127DB-BA3E-4124-BCE8-BC5EDA0C5790}"
EndProject
Project("{9A19103F-16F7-4668-BE54-9A1E7A4F7556}") = "Microservice.Domain", "Microservice.Domain\Microservice.Domain.csproj", "{2DD7CFFB-F025-4776-A258-B7A26A61AB40}"
EndProject
Project("{9A19103F-16F7-4668-BE54-9A1E7A4F7556}") = "Microservice.Infrastructure", "Microservice.Infrastructure\Microservice.Infrastructure.csproj", "{6DB3C20D-4977-479B-BBEF-0395EC4C9E50}"
EndProject
Project("{9A19103F-16F7-4668-BE54-9A1E7A4F7556}") = "Microservice.Tests", "Microservice.Tests\Microservice.Tests.csproj", "{C2DA5846-7BD5-4422-90B2-FA585FD428A7}"
EndProject
Project("{9A19103F-16F7-4668-BE54-9A1E7A4F7556}") = "Microservice.Api", "Microservice.Api\Microservice.Api.csproj", "{48AD8900-DA8D-4222-B84F-7B4520F5FA07}"
EndProject
Global
	GlobalSection(SolutionConfigurationPlatforms) = preSolution
		Debug|Any CPU = Debug|Any CPU
		Release|Any CPU = Release|Any CPU
	EndGlobalSection
	GlobalSection(ProjectConfigurationPlatforms) = postSolution
		{EF157579-8FEE-49C8-833C-B3A088DB48D5}.Debug|Any CPU.ActiveCfg = Debug|Any CPU
		{EF157579-8FEE-49C8-833C-B3A088DB48D5}.Debug|Any CPU.Build.0 = Debug|Any CPU
		{EF157579-8FEE-49C8-833C-B3A088DB48D5}.Release|Any CPU.ActiveCfg = Release|Any CPU
		{EF157579-8FEE-49C8-833C-B3A088DB48D5}.Release|Any CPU.Build.0 = Release|Any CPU
		{0B7127DB-BA3E-4124-BCE8-BC5EDA0C5790}.Debug|Any CPU.ActiveCfg = Debug|Any CPU
		{0B7127DB-BA3E-4124-BCE8-BC5EDA0C5790}.Debug|Any CPU.Build.0 = Debug|Any CPU
		{0B7127DB-BA3E-4124-BCE8-BC5EDA0C5790}.Release|Any CPU.ActiveCfg = Release|Any CPU
		{0B7127DB-BA3E-4124-BCE8-BC5EDA0C5790}.Release|Any CPU.Build.0 = Release|Any CPU
		{2DD7CFFB-F025-4776-A258-B7A26A61AB40}.Debug|Any CPU.ActiveCfg = Debug|Any CPU
		{2DD7CFFB-F025-4776-A258-B7A26A61AB40}.Debug|Any CPU.Build.0 = Debug|Any CPU
		{2DD7CFFB-F025-4776-A258-B7A26A61AB40}.Release|Any CPU.ActiveCfg = Release|Any CPU
		{2DD7CFFB-F025-4776-A258-B7A26A61AB40}.Release|Any CPU.Build.0 = Release|Any CPU
		{6DB3C20D-4977-479B-BBEF-0395EC4C9E50}.Debug|Any CPU.ActiveCfg = Debug|Any CPU
		{6DB3C20D-4977-479B-BBEF-0395EC4C9E50}.Debug|Any CPU.Build.0 = Debug|Any CPU
		{6DB3C20D-4977-479B-BBEF-0395EC4C9E50}.Release|Any CPU.ActiveCfg = Release|Any CPU
		{6DB3C20D-4977-479B-BBEF-0395EC4C9E50}.Release|Any CPU.Build.0 = Release|Any CPU
		{C2DA5846-7BD5-4422-90B2-FA585FD428A7}.Debug|Any CPU.ActiveCfg = Debug|Any CPU
		{C2DA5846-7BD5-4422-90B2-FA585FD428A7}.Debug|Any CPU.Build.0 = Debug|Any CPU
		{C2DA5846-7BD5-4422-90B2-FA585FD428A7}.Release|Any CPU.ActiveCfg = Release|Any CPU
		{C2DA5846-7BD5-4422-90B2-FA585FD428A7}.Release|Any CPU.Build.0 = Release|Any CPU
		{48AD8900-DA8D-4222-B84F-7B4520F5FA07}.Debug|Any CPU.ActiveCfg = Debug|Any CPU
		{48AD8900-DA8D-4222-B84F-7B4520F5FA07}.Debug|Any CPU.Build.0 = Debug|Any CPU
		{48AD8900-DA8D-4222-B84F-7B4520F5FA07}.Release|Any CPU.ActiveCfg = Release|Any CPU
		{48AD8900-DA8D-4222-B84F-7B4520F5FA07}.Release|Any CPU.Build.0 = Release|Any CPU
	EndGlobalSection
	GlobalSection(SolutionProperties) = preSolution
		HideSolutionNode = FALSE
	EndGlobalSection
	GlobalSection(ExtensibilityGlobals) = postSolution
		SolutionGuid = {C94628F8-11BB-4DDD-A1D9-C28D32F34699}
	EndGlobalSection
EndGlobal
