
Microsoft Visual Studio Solution File, Format Version 12.00
# Visual Studio Version 17
VisualStudioVersion = 17.0.31912.275
MinimumVisualStudioVersion = 10.0.40219.1
Project("{9A19103F-16F7-4668-BE54-9A1E7A4F7556}") = "DurableTask.Activities", "DurableTask.Activities\DurableTask.Activities.csproj", "{3C4AE00C-DB0F-4A0F-A416-276D6A31BA91}"
EndProject
Project("{9A19103F-16F7-4668-BE54-9A1E7A4F7556}") = "DurableTask.Tests", "DurableTask.Tests\DurableTask.Tests.csproj", "{0B238367-B390-439E-8876-B04DD99FAA2F}"
EndProject
Project("{9A19103F-16F7-4668-BE54-9A1E7A4F7556}") = "DurableTask.Client", "DurableTask.Client\DurableTask.Client.csproj", "{9A02AC7D-B789-4764-BFFF-9424C3E9BCBA}"
EndProject
Project("{9A19103F-16F7-4668-BE54-9A1E7A4F7556}") = "DurableTask.Functions", "DurableTask.Functions\DurableTask.Functions.csproj", "{D96E355D-06C4-4A63-BE30-155AAEBF5CF5}"
EndProject
Project("{9A19103F-16F7-4668-BE54-9A1E7A4F7556}") = "DurableTask.Worker", "DurableTask.Worker\DurableTask.Worker.csproj", "{99B0FD46-166D-40F8-A1FA-19A59B9B8FE9}"
EndProject
Global
	GlobalSection(SolutionConfigurationPlatforms) = preSolution
		Debug|Any CPU = Debug|Any CPU
		Release|Any CPU = Release|Any CPU
	EndGlobalSection
	GlobalSection(ProjectConfigurationPlatforms) = postSolution
		{3C4AE00C-DB0F-4A0F-A416-276D6A31BA91}.Debug|Any CPU.ActiveCfg = Debug|Any CPU
		{3C4AE00C-DB0F-4A0F-A416-276D6A31BA91}.Debug|Any CPU.Build.0 = Debug|Any CPU
		{3C4AE00C-DB0F-4A0F-A416-276D6A31BA91}.Release|Any CPU.ActiveCfg = Release|Any CPU
		{3C4AE00C-DB0F-4A0F-A416-276D6A31BA91}.Release|Any CPU.Build.0 = Release|Any CPU
		{0B238367-B390-439E-8876-B04DD99FAA2F}.Debug|Any CPU.ActiveCfg = Debug|Any CPU
		{0B238367-B390-439E-8876-B04DD99FAA2F}.Debug|Any CPU.Build.0 = Debug|Any CPU
		{0B238367-B390-439E-8876-B04DD99FAA2F}.Release|Any CPU.ActiveCfg = Release|Any CPU
		{0B238367-B390-439E-8876-B04DD99FAA2F}.Release|Any CPU.Build.0 = Release|Any CPU
		{9A02AC7D-B789-4764-BFFF-9424C3E9BCBA}.Debug|Any CPU.ActiveCfg = Debug|Any CPU
		{9A02AC7D-B789-4764-BFFF-9424C3E9BCBA}.Debug|Any CPU.Build.0 = Debug|Any CPU
		{9A02AC7D-B789-4764-BFFF-9424C3E9BCBA}.Release|Any CPU.ActiveCfg = Release|Any CPU
		{9A02AC7D-B789-4764-BFFF-9424C3E9BCBA}.Release|Any CPU.Build.0 = Release|Any CPU
		{D96E355D-06C4-4A63-BE30-155AAEBF5CF5}.Debug|Any CPU.ActiveCfg = Debug|Any CPU
		{D96E355D-06C4-4A63-BE30-155AAEBF5CF5}.Debug|Any CPU.Build.0 = Debug|Any CPU
		{D96E355D-06C4-4A63-BE30-155AAEBF5CF5}.Release|Any CPU.ActiveCfg = Release|Any CPU
		{D96E355D-06C4-4A63-BE30-155AAEBF5CF5}.Release|Any CPU.Build.0 = Release|Any CPU
		{99B0FD46-166D-40F8-A1FA-19A59B9B8FE9}.Debug|Any CPU.ActiveCfg = Debug|Any CPU
		{99B0FD46-166D-40F8-A1FA-19A59B9B8FE9}.Debug|Any CPU.Build.0 = Debug|Any CPU
		{99B0FD46-166D-40F8-A1FA-19A59B9B8FE9}.Release|Any CPU.ActiveCfg = Release|Any CPU
		{99B0FD46-166D-40F8-A1FA-19A59B9B8FE9}.Release|Any CPU.Build.0 = Release|Any CPU
	EndGlobalSection
	GlobalSection(SolutionProperties) = preSolution
		HideSolutionNode = FALSE
	EndGlobalSection
	GlobalSection(ExtensibilityGlobals) = postSolution
		SolutionGuid = {C94628F8-11BB-4DDD-A1D9-C28D32F34699}
	EndGlobalSection
EndGlobal
